
Microsoft Visual Studio Solution File, Format Version 12.00
# Visual Studio 15
VisualStudioVersion = 15.0.27428.2037
MinimumVisualStudioVersion = 10.0.40219.1
Project("{FAE04EC0-301F-11D3-BF4B-00C04F79EFBC}") = "Presentacion", "TPC_Suksdorf\Presentacion.csproj", "{6B0288D2-A64B-411C-B14D-56211925F747}"
EndProject
Project("{FAE04EC0-301F-11D3-BF4B-00C04F79EFBC}") = "Dominio", "ClassLibrary1\Dominio.csproj", "{D6A8F78E-93A3-4087-AAF2-B76F84F28653}"
EndProject
Project("{FAE04EC0-301F-11D3-BF4B-00C04F79EFBC}") = "Negocio", "Negocio\Negocio.csproj", "{4C74D743-88F0-4388-A44A-771692318681}"
EndProject
Global
	GlobalSection(SolutionConfigurationPlatforms) = preSolution
		Debug|Any CPU = Debug|Any CPU
		Release|Any CPU = Release|Any CPU
	EndGlobalSection
	GlobalSection(ProjectConfigurationPlatforms) = postSolution
		{6B0288D2-A64B-411C-B14D-56211925F747}.Debug|Any CPU.ActiveCfg = Debug|Any CPU
		{6B0288D2-A64B-411C-B14D-56211925F747}.Debug|Any CPU.Build.0 = Debug|Any CPU
		{6B0288D2-A64B-411C-B14D-56211925F747}.Release|Any CPU.ActiveCfg = Release|Any CPU
		{6B0288D2-A64B-411C-B14D-56211925F747}.Release|Any CPU.Build.0 = Release|Any CPU
		{D6A8F78E-93A3-4087-AAF2-B76F84F28653}.Debug|Any CPU.ActiveCfg = Debug|Any CPU
		{D6A8F78E-93A3-4087-AAF2-B76F84F28653}.Debug|Any CPU.Build.0 = Debug|Any CPU
		{D6A8F78E-93A3-4087-AAF2-B76F84F28653}.Release|Any CPU.ActiveCfg = Release|Any CPU
		{D6A8F78E-93A3-4087-AAF2-B76F84F28653}.Release|Any CPU.Build.0 = Release|Any CPU
		{4C74D743-88F0-4388-A44A-771692318681}.Debug|Any CPU.ActiveCfg = Debug|Any CPU
		{4C74D743-88F0-4388-A44A-771692318681}.Debug|Any CPU.Build.0 = Debug|Any CPU
		{4C74D743-88F0-4388-A44A-771692318681}.Release|Any CPU.ActiveCfg = Release|Any CPU
		{4C74D743-88F0-4388-A44A-771692318681}.Release|Any CPU.Build.0 = Release|Any CPU
	EndGlobalSection
	GlobalSection(SolutionProperties) = preSolution
		HideSolutionNode = FALSE
	EndGlobalSection
	GlobalSection(ExtensibilityGlobals) = postSolution
		SolutionGuid = {7F672135-C520-4614-A819-8366554350B0}
	EndGlobalSection
EndGlobal
